// !$*UTF8*$!
{
	archiveVersion = 1;
	classes = {
	};
	objectVersion = 50;
	objects = {

/* Begin PBXBuildFile section */
		2397FE2D24F4F45800A46E88 /* AppDelegate.swift in Sources */ = {isa = PBXBuildFile; fileRef = 2397FE2C24F4F45800A46E88 /* AppDelegate.swift */; };
		2397FE2F24F4F45800A46E88 /* SceneDelegate.swift in Sources */ = {isa = PBXBuildFile; fileRef = 2397FE2E24F4F45800A46E88 /* SceneDelegate.swift */; };
		2397FE3124F4F45800A46E88 /* ChatViewController.swift in Sources */ = {isa = PBXBuildFile; fileRef = 2397FE3024F4F45800A46E88 /* ChatViewController.swift */; };
		2397FE3724F4F45800A46E88 /* WhatsappClone.xcdatamodeld in Sources */ = {isa = PBXBuildFile; fileRef = 2397FE3524F4F45800A46E88 /* WhatsappClone.xcdatamodeld */; };
		2397FE3924F4F45900A46E88 /* Assets.xcassets in Resources */ = {isa = PBXBuildFile; fileRef = 2397FE3824F4F45900A46E88 /* Assets.xcassets */; };
		2397FE3C24F4F45900A46E88 /* LaunchScreen.storyboard in Resources */ = {isa = PBXBuildFile; fileRef = 2397FE3A24F4F45900A46E88 /* LaunchScreen.storyboard */; };
		2397FE4424F4F51800A46E88 /* SettingViewController.swift in Sources */ = {isa = PBXBuildFile; fileRef = 2397FE4324F4F51800A46E88 /* SettingViewController.swift */; };
		2397FE4624F4F52000A46E88 /* StatusViewController.swift in Sources */ = {isa = PBXBuildFile; fileRef = 2397FE4524F4F52000A46E88 /* StatusViewController.swift */; };
		2397FE4824F4F52600A46E88 /* CallViewController.swift in Sources */ = {isa = PBXBuildFile; fileRef = 2397FE4724F4F52600A46E88 /* CallViewController.swift */; };
		2397FE4A24F4F52F00A46E88 /* CameraViewController.swift in Sources */ = {isa = PBXBuildFile; fileRef = 2397FE4924F4F52F00A46E88 /* CameraViewController.swift */; };
/* End PBXBuildFile section */

/* Begin PBXFileReference section */
		2397FE2924F4F45800A46E88 /* WhatsappClone.app */ = {isa = PBXFileReference; explicitFileType = wrapper.application; includeInIndex = 0; path = WhatsappClone.app; sourceTree = BUILT_PRODUCTS_DIR; };
		2397FE2C24F4F45800A46E88 /* AppDelegate.swift */ = {isa = PBXFileReference; lastKnownFileType = sourcecode.swift; path = AppDelegate.swift; sourceTree = "<group>"; };
		2397FE2E24F4F45800A46E88 /* SceneDelegate.swift */ = {isa = PBXFileReference; lastKnownFileType = sourcecode.swift; path = SceneDelegate.swift; sourceTree = "<group>"; };
		2397FE3024F4F45800A46E88 /* ChatViewController.swift */ = {isa = PBXFileReference; lastKnownFileType = sourcecode.swift; path = ChatViewController.swift; sourceTree = "<group>"; };
		2397FE3624F4F45800A46E88 /* WhatsappClone.xcdatamodel */ = {isa = PBXFileReference; lastKnownFileType = wrapper.xcdatamodel; path = WhatsappClone.xcdatamodel; sourceTree = "<group>"; };
		2397FE3824F4F45900A46E88 /* Assets.xcassets */ = {isa = PBXFileReference; lastKnownFileType = folder.assetcatalog; path = Assets.xcassets; sourceTree = "<group>"; };
		2397FE3B24F4F45900A46E88 /* Base */ = {isa = PBXFileReference; lastKnownFileType = file.storyboard; name = Base; path = Base.lproj/LaunchScreen.storyboard; sourceTree = "<group>"; };
		2397FE3D24F4F45900A46E88 /* Info.plist */ = {isa = PBXFileReference; lastKnownFileType = text.plist.xml; path = Info.plist; sourceTree = "<group>"; };
		2397FE4324F4F51800A46E88 /* SettingViewController.swift */ = {isa = PBXFileReference; lastKnownFileType = sourcecode.swift; path = SettingViewController.swift; sourceTree = "<group>"; };
		2397FE4524F4F52000A46E88 /* StatusViewController.swift */ = {isa = PBXFileReference; lastKnownFileType = sourcecode.swift; path = StatusViewController.swift; sourceTree = "<group>"; };
		2397FE4724F4F52600A46E88 /* CallViewController.swift */ = {isa = PBXFileReference; lastKnownFileType = sourcecode.swift; path = CallViewController.swift; sourceTree = "<group>"; };
		2397FE4924F4F52F00A46E88 /* CameraViewController.swift */ = {isa = PBXFileReference; lastKnownFileType = sourcecode.swift; path = CameraViewController.swift; sourceTree = "<group>"; };
/* End PBXFileReference section */

/* Begin PBXFrameworksBuildPhase section */
		2397FE2624F4F45800A46E88 /* Frameworks */ = {
			isa = PBXFrameworksBuildPhase;
			buildActionMask = 2147483647;
			files = (
			);
			runOnlyForDeploymentPostprocessing = 0;
		};
/* End PBXFrameworksBuildPhase section */

/* Begin PBXGroup section */
		2397FE2024F4F45800A46E88 = {
			isa = PBXGroup;
			children = (
				2397FE2B24F4F45800A46E88 /* WhatsappClone */,
				2397FE2A24F4F45800A46E88 /* Products */,
			);
			sourceTree = "<group>";
		};
		2397FE2A24F4F45800A46E88 /* Products */ = {
			isa = PBXGroup;
			children = (
				2397FE2924F4F45800A46E88 /* WhatsappClone.app */,
			);
			name = Products;
			sourceTree = "<group>";
		};
		2397FE2B24F4F45800A46E88 /* WhatsappClone */ = {
			isa = PBXGroup;
			children = (
				2397FE2C24F4F45800A46E88 /* AppDelegate.swift */,
				2397FE2E24F4F45800A46E88 /* SceneDelegate.swift */,
				2397FE4B24F4F53500A46E88 /* ViewControllers */,
				2397FE3824F4F45900A46E88 /* Assets.xcassets */,
				2397FE3A24F4F45900A46E88 /* LaunchScreen.storyboard */,
				2397FE3D24F4F45900A46E88 /* Info.plist */,
				2397FE3524F4F45800A46E88 /* WhatsappClone.xcdatamodeld */,
			);
			path = WhatsappClone;
			sourceTree = "<group>";
		};
		2397FE4B24F4F53500A46E88 /* ViewControllers */ = {
			isa = PBXGroup;
			children = (
				2397FE4524F4F52000A46E88 /* StatusViewController.swift */,
				2397FE4724F4F52600A46E88 /* CallViewController.swift */,
				2397FE4924F4F52F00A46E88 /* CameraViewController.swift */,
				2397FE3024F4F45800A46E88 /* ChatViewController.swift */,
				2397FE4324F4F51800A46E88 /* SettingViewController.swift */,
			);
			path = ViewControllers;
			sourceTree = "<group>";
		};
/* End PBXGroup section */

/* Begin PBXNativeTarget section */
		2397FE2824F4F45800A46E88 /* WhatsappClone */ = {
			isa = PBXNativeTarget;
			buildConfigurationList = 2397FE4024F4F45900A46E88 /* Build configuration list for PBXNativeTarget "WhatsappClone" */;
			buildPhases = (
				2397FE2524F4F45800A46E88 /* Sources */,
				2397FE2624F4F45800A46E88 /* Frameworks */,
				2397FE2724F4F45800A46E88 /* Resources */,
			);
			buildRules = (
			);
			dependencies = (
			);
			name = WhatsappClone;
			productName = WhatsappClone;
			productReference = 2397FE2924F4F45800A46E88 /* WhatsappClone.app */;
			productType = "com.apple.product-type.application";
		};
/* End PBXNativeTarget section */

/* Begin PBXProject section */
		2397FE2124F4F45800A46E88 /* Project object */ = {
			isa = PBXProject;
			attributes = {
				LastSwiftUpdateCheck = 1160;
				LastUpgradeCheck = 1160;
				ORGANIZATIONNAME = Windy;
				TargetAttributes = {
					2397FE2824F4F45800A46E88 = {
						CreatedOnToolsVersion = 11.6;
					};
				};
			};
			buildConfigurationList = 2397FE2424F4F45800A46E88 /* Build configuration list for PBXProject "WhatsappClone" */;
			compatibilityVersion = "Xcode 9.3";
			developmentRegion = en;
			hasScannedForEncodings = 0;
			knownRegions = (
				en,
				Base,
			);
			mainGroup = 2397FE2024F4F45800A46E88;
			productRefGroup = 2397FE2A24F4F45800A46E88 /* Products */;
			projectDirPath = "";
			projectRoot = "";
			targets = (
				2397FE2824F4F45800A46E88 /* WhatsappClone */,
			);
		};
/* End PBXProject section */

/* Begin PBXResourcesBuildPhase section */
		2397FE2724F4F45800A46E88 /* Resources */ = {
			isa = PBXResourcesBuildPhase;
			buildActionMask = 2147483647;
			files = (
				2397FE3C24F4F45900A46E88 /* LaunchScreen.storyboard in Resources */,
				2397FE3924F4F45900A46E88 /* Assets.xcassets in Resources */,
			);
			runOnlyForDeploymentPostprocessing = 0;
		};
/* End PBXResourcesBuildPhase section */

/* Begin PBXSourcesBuildPhase section */
		2397FE2524F4F45800A46E88 /* Sources */ = {
			isa = PBXSourcesBuildPhase;
			buildActionMask = 2147483647;
			files = (
				2397FE4424F4F51800A46E88 /* SettingViewController.swift in Sources */,
				2397FE3124F4F45800A46E88 /* ChatViewController.swift in Sources */,
				2397FE2D24F4F45800A46E88 /* AppDelegate.swift in Sources */,
				2397FE2F24F4F45800A46E88 /* SceneDelegate.swift in Sources */,
				2397FE4624F4F52000A46E88 /* StatusViewController.swift in Sources */,
				2397FE4A24F4F52F00A46E88 /* CameraViewController.swift in Sources */,
				2397FE3724F4F45800A46E88 /* WhatsappClone.xcdatamodeld in Sources */,
				2397FE4824F4F52600A46E88 /* CallViewController.swift in Sources */,
			);
			runOnlyForDeploymentPostprocessing = 0;
		};
/* End PBXSourcesBuildPhase section */

/* Begin PBXVariantGroup section */
		2397FE3A24F4F45900A46E88 /* LaunchScreen.storyboard */ = {
			isa = PBXVariantGroup;
			children = (
				2397FE3B24F4F45900A46E88 /* Base */,
			);
			name = LaunchScreen.storyboard;
			sourceTree = "<group>";
		};
/* End PBXVariantGroup section */

/* Begin XCBuildConfiguration section */
		2397FE3E24F4F45900A46E88 /* Debug */ = {
			isa = XCBuildConfiguration;
			buildSettings = {
				ALWAYS_SEARCH_USER_PATHS = NO;
				CLANG_ANALYZER_NONNULL = YES;
				CLANG_ANALYZER_NUMBER_OBJECT_CONVERSION = YES_AGGRESSIVE;
				CLANG_CXX_LANGUAGE_STANDARD = "gnu++14";
				CLANG_CXX_LIBRARY = "libc++";
				CLANG_ENABLE_MODULES = YES;
				CLANG_ENABLE_OBJC_ARC = YES;
				CLANG_ENABLE_OBJC_WEAK = YES;
				CLANG_WARN_BLOCK_CAPTURE_AUTORELEASING = YES;
				CLANG_WARN_BOOL_CONVERSION = YES;
				CLANG_WARN_COMMA = YES;
				CLANG_WARN_CONSTANT_CONVERSION = YES;
				CLANG_WARN_DEPRECATED_OBJC_IMPLEMENTATIONS = YES;
				CLANG_WARN_DIRECT_OBJC_ISA_USAGE = YES_ERROR;
				CLANG_WARN_DOCUMENTATION_COMMENTS = YES;
				CLANG_WARN_EMPTY_BODY = YES;
				CLANG_WARN_ENUM_CONVERSION = YES;
				CLANG_WARN_INFINITE_RECURSION = YES;
				CLANG_WARN_INT_CONVERSION = YES;
				CLANG_WARN_NON_LITERAL_NULL_CONVERSION = YES;
				CLANG_WARN_OBJC_IMPLICIT_RETAIN_SELF = YES;
				CLANG_WARN_OBJC_LITERAL_CONVERSION = YES;
				CLANG_WARN_OBJC_ROOT_CLASS = YES_ERROR;
				CLANG_WARN_RANGE_LOOP_ANALYSIS = YES;
				CLANG_WARN_STRICT_PROTOTYPES = YES;
				CLANG_WARN_SUSPICIOUS_MOVE = YES;
				CLANG_WARN_UNGUARDED_AVAILABILITY = YES_AGGRESSIVE;
				CLANG_WARN_UNREACHABLE_CODE = YES;
				CLANG_WARN__DUPLICATE_METHOD_MATCH = YES;
				COPY_PHASE_STRIP = NO;
				DEBUG_INFORMATION_FORMAT = dwarf;
				ENABLE_STRICT_OBJC_MSGSEND = YES;
				ENABLE_TESTABILITY = YES;
				GCC_C_LANGUAGE_STANDARD = gnu11;
				GCC_DYNAMIC_NO_PIC = NO;
				GCC_NO_COMMON_BLOCKS = YES;
				GCC_OPTIMIZATION_LEVEL = 0;
				GCC_PREPROCESSOR_DEFINITIONS = (
					"DEBUG=1",
					"$(inherited)",
				);
				GCC_WARN_64_TO_32_BIT_CONVERSION = YES;
				GCC_WARN_ABOUT_RETURN_TYPE = YES_ERROR;
				GCC_WARN_UNDECLARED_SELECTOR = YES;
				GCC_WARN_UNINITIALIZED_AUTOS = YES_AGGRESSIVE;
				GCC_WARN_UNUSED_FUNCTION = YES;
				GCC_WARN_UNUSED_VARIABLE = YES;
				IPHONEOS_DEPLOYMENT_TARGET = 13.6;
				MTL_ENABLE_DEBUG_INFO = INCLUDE_SOURCE;
				MTL_FAST_MATH = YES;
				ONLY_ACTIVE_ARCH = YES;
				SDKROOT = iphoneos;
				SWIFT_ACTIVE_COMPILATION_CONDITIONS = DEBUG;
				SWIFT_OPTIMIZATION_LEVEL = "-Onone";
			};
			name = Debug;
		};
		2397FE3F24F4F45900A46E88 /* Release */ = {
			isa = XCBuildConfiguration;
			buildSettings = {
				ALWAYS_SEARCH_USER_PATHS = NO;
				CLANG_ANALYZER_NONNULL = YES;
				CLANG_ANALYZER_NUMBER_OBJECT_CONVERSION = YES_AGGRESSIVE;
				CLANG_CXX_LANGUAGE_STANDARD = "gnu++14";
				CLANG_CXX_LIBRARY = "libc++";
				CLANG_ENABLE_MODULES = YES;
				CLANG_ENABLE_OBJC_ARC = YES;
				CLANG_ENABLE_OBJC_WEAK = YES;
				CLANG_WARN_BLOCK_CAPTURE_AUTORELEASING = YES;
				CLANG_WARN_BOOL_CONVERSION = YES;
				CLANG_WARN_COMMA = YES;
				CLANG_WARN_CONSTANT_CONVERSION = YES;
				CLANG_WARN_DEPRECATED_OBJC_IMPLEMENTATIONS = YES;
				CLANG_WARN_DIRECT_OBJC_ISA_USAGE = YES_ERROR;
				CLANG_WARN_DOCUMENTATION_COMMENTS = YES;
				CLANG_WARN_EMPTY_BODY = YES;
				CLANG_WARN_ENUM_CONVERSION = YES;
				CLANG_WARN_INFINITE_RECURSION = YES;
				CLANG_WARN_INT_CONVERSION = YES;
				CLANG_WARN_NON_LITERAL_NULL_CONVERSION = YES;
				CLANG_WARN_OBJC_IMPLICIT_RETAIN_SELF = YES;
				CLANG_WARN_OBJC_LITERAL_CONVERSION = YES;
				CLANG_WARN_OBJC_ROOT_CLASS = YES_ERROR;
				CLANG_WARN_RANGE_LOOP_ANALYSIS = YES;
				CLANG_WARN_STRICT_PROTOTYPES = YES;
				CLANG_WARN_SUSPICIOUS_MOVE = YES;
				CLANG_WARN_UNGUARDED_AVAILABILITY = YES_AGGRESSIVE;
				CLANG_WARN_UNREACHABLE_CODE = YES;
				CLANG_WARN__DUPLICATE_METHOD_MATCH = YES;
				COPY_PHASE_STRIP = NO;
				DEBUG_INFORMATION_FORMAT = "dwarf-with-dsym";
				ENABLE_NS_ASSERTIONS = NO;
				ENABLE_STRICT_OBJC_MSGSEND = YES;
				GCC_C_LANGUAGE_STANDARD = gnu11;
				GCC_NO_COMMON_BLOCKS = YES;
				GCC_WARN_64_TO_32_BIT_CONVERSION = YES;
				GCC_WARN_ABOUT_RETURN_TYPE = YES_ERROR;
				GCC_WARN_UNDECLARED_SELECTOR = YES;
				GCC_WARN_UNINITIALIZED_AUTOS = YES_AGGRESSIVE;
				GCC_WARN_UNUSED_FUNCTION = YES;
				GCC_WARN_UNUSED_VARIABLE = YES;
				IPHONEOS_DEPLOYMENT_TARGET = 13.6;
				MTL_ENABLE_DEBUG_INFO = NO;
				MTL_FAST_MATH = YES;
				SDKROOT = iphoneos;
				SWIFT_COMPILATION_MODE = wholemodule;
				SWIFT_OPTIMIZATION_LEVEL = "-O";
				VALIDATE_PRODUCT = YES;
			};
			name = Release;
		};
		2397FE4124F4F45900A46E88 /* Debug */ = {
			isa = XCBuildConfiguration;
			buildSettings = {
				ASSETCATALOG_COMPILER_APPICON_NAME = AppIcon;
				CODE_SIGN_STYLE = Automatic;
				DEVELOPMENT_TEAM = S9J6B4A78J;
				INFOPLIST_FILE = WhatsappClone/Info.plist;
				IPHONEOS_DEPLOYMENT_TARGET = 13.0;
				LD_RUNPATH_SEARCH_PATHS = (
					"$(inherited)",
					"@executable_path/Frameworks",
				);
				PRODUCT_BUNDLE_IDENTIFIER = com.windy.WhatsappClone;
				PRODUCT_NAME = "$(TARGET_NAME)";
				SWIFT_VERSION = 5.0;
				TARGETED_DEVICE_FAMILY = "1,2";
			};
			name = Debug;
		};
		2397FE4224F4F45900A46E88 /* Release */ = {
			isa = XCBuildConfiguration;
			buildSettings = {
				ASSETCATALOG_COMPILER_APPICON_NAME = AppIcon;
				CODE_SIGN_STYLE = Automatic;
				DEVELOPMENT_TEAM = S9J6B4A78J;
				INFOPLIST_FILE = WhatsappClone/Info.plist;
				IPHONEOS_DEPLOYMENT_TARGET = 13.0;
				LD_RUNPATH_SEARCH_PATHS = (
					"$(inherited)",
					"@executable_path/Frameworks",
				);
				PRODUCT_BUNDLE_IDENTIFIER = com.windy.WhatsappClone;
				PRODUCT_NAME = "$(TARGET_NAME)";
				SWIFT_VERSION = 5.0;
				TARGETED_DEVICE_FAMILY = "1,2";
			};
			name = Release;
		};
/* End XCBuildConfiguration section */

/* Begin XCConfigurationList section */
		2397FE2424F4F45800A46E88 /* Build configuration list for PBXProject "WhatsappClone" */ = {
			isa = XCConfigurationList;
			buildConfigurations = (
				2397FE3E24F4F45900A46E88 /* Debug */,
				2397FE3F24F4F45900A46E88 /* Release */,
			);
			defaultConfigurationIsVisible = 0;
			defaultConfigurationName = Release;
		};
		2397FE4024F4F45900A46E88 /* Build configuration list for PBXNativeTarget "WhatsappClone" */ = {
			isa = XCConfigurationList;
			buildConfigurations = (
				2397FE4124F4F45900A46E88 /* Debug */,
				2397FE4224F4F45900A46E88 /* Release */,
			);
			defaultConfigurationIsVisible = 0;
			defaultConfigurationName = Release;
		};
/* End XCConfigurationList section */

/* Begin XCVersionGroup section */
		2397FE3524F4F45800A46E88 /* WhatsappClone.xcdatamodeld */ = {
			isa = XCVersionGroup;
			children = (
				2397FE3624F4F45800A46E88 /* WhatsappClone.xcdatamodel */,
			);
			currentVersion = 2397FE3624F4F45800A46E88 /* WhatsappClone.xcdatamodel */;
			path = WhatsappClone.xcdatamodeld;
			sourceTree = "<group>";
			versionGroupType = wrapper.xcdatamodel;
		};
/* End XCVersionGroup section */
	};
	rootObject = 2397FE2124F4F45800A46E88 /* Project object */;
}
